{
  "name": "fake-jwt-sign",
  "version": "1.0.3",
  "lockfileVersion": 1,
  "requires": true,
  "dependencies": {
    "ts.cryptojs256": {
      "version": "1.0.1",
      "resolved": "https://registry.npmjs.org/ts.cryptojs256/-/ts.cryptojs256-1.0.1.tgz",
      "integrity": "sha1-VqPTo7wCKtNYs+Ys2NrjIk2ThPE="
    }
  }
}
